
Microsoft Visual Studio Solution File, Format Version 12.00
Project("{FAE04EC0-301F-11D3-BF4B-00C04F79EFBC}") = "VO2MaxMonitor", "VO2MaxMonitor\VO2MaxMonitor.csproj", "{1C85CBE9-705B-46C1-8CA1-8849694628F2}"
EndProject
Global
	GlobalSection(SolutionConfigurationPlatforms) = preSolution
		Debug|Any CPU = Debug|Any CPU
		Release|Any CPU = Release|Any CPU
	EndGlobalSection
	GlobalSection(ProjectConfigurationPlatforms) = postSolution
		{1C85CBE9-705B-46C1-8CA1-8849694628F2}.Debug|Any CPU.ActiveCfg = Debug|Any CPU
		{1C85CBE9-705B-46C1-8CA1-8849694628F2}.Debug|Any CPU.Build.0 = Debug|Any CPU
		{1C85CBE9-705B-46C1-8CA1-8849694628F2}.Release|Any CPU.ActiveCfg = Release|Any CPU
		{1C85CBE9-705B-46C1-8CA1-8849694628F2}.Release|Any CPU.Build.0 = Release|Any CPU
	EndGlobalSection
EndGlobal
